
Microsoft Visual Studio Solution File, Format Version 12.00
# Visual Studio Version 16
VisualStudioVersion = 16.0.28803.156
MinimumVisualStudioVersion = 10.0.40219.1
Project("{2150E333-8FDC-42A3-9474-1A3956D46DE8}") = "src", "src", "{5237A233-FC24-4DD9-940C-DAE51382C3AA}"
EndProject
Project("{2150E333-8FDC-42A3-9474-1A3956D46DE8}") = "test", "test", "{EF06B9B7-22FD-45C0-8E80-54DC92CB6CED}"
EndProject
Project("{9A19103F-16F7-4668-BE54-9A1E7A4F7556}") = "Wisteria.IO.LayeredStreams", "src\Wisteria.IO.LayeredStreams\Wisteria.IO.LayeredStreams.csproj", "{2C0C6C7C-0C35-4759-A6D4-1A4ACF9C2BE3}"
EndProject
Project("{FAE04EC0-301F-11D3-BF4B-00C04F79EFBC}") = "Wisteria.IO.LayeredStreams.Tests", "test\Wisteria.IO.LayeredStreams.Tests\Wisteria.IO.LayeredStreams.Tests.csproj", "{8BBE7078-DC74-4D62-AEC6-B728999AF00F}"
EndProject
Global
	GlobalSection(SolutionConfigurationPlatforms) = preSolution
		Debug|Any CPU = Debug|Any CPU
		Release|Any CPU = Release|Any CPU
	EndGlobalSection
	GlobalSection(ProjectConfigurationPlatforms) = postSolution
		{2C0C6C7C-0C35-4759-A6D4-1A4ACF9C2BE3}.Debug|Any CPU.ActiveCfg = Debug|Any CPU
		{2C0C6C7C-0C35-4759-A6D4-1A4ACF9C2BE3}.Debug|Any CPU.Build.0 = Debug|Any CPU
		{2C0C6C7C-0C35-4759-A6D4-1A4ACF9C2BE3}.Release|Any CPU.ActiveCfg = Release|Any CPU
		{2C0C6C7C-0C35-4759-A6D4-1A4ACF9C2BE3}.Release|Any CPU.Build.0 = Release|Any CPU
		{8BBE7078-DC74-4D62-AEC6-B728999AF00F}.Debug|Any CPU.ActiveCfg = Debug|Any CPU
		{8BBE7078-DC74-4D62-AEC6-B728999AF00F}.Debug|Any CPU.Build.0 = Debug|Any CPU
		{8BBE7078-DC74-4D62-AEC6-B728999AF00F}.Release|Any CPU.ActiveCfg = Release|Any CPU
	EndGlobalSection
	GlobalSection(SolutionProperties) = preSolution
		HideSolutionNode = FALSE
	EndGlobalSection
	GlobalSection(NestedProjects) = preSolution
		{2C0C6C7C-0C35-4759-A6D4-1A4ACF9C2BE3} = {5237A233-FC24-4DD9-940C-DAE51382C3AA}
		{8BBE7078-DC74-4D62-AEC6-B728999AF00F} = {EF06B9B7-22FD-45C0-8E80-54DC92CB6CED}
	EndGlobalSection
	GlobalSection(ExtensibilityGlobals) = postSolution
		SolutionGuid = {4557176D-0DA6-45C5-83F5-C686E0762B33}
	EndGlobalSection
EndGlobal
